
Microsoft Visual Studio Solution File, Format Version 10.00
# Visual Studio 2008
Project("{FAE04EC0-301F-11D3-BF4B-00C04F79EFBC}") = "tomatodo", "tomatodo\tomatodo.csproj", "{234A0C43-B8B3-4FBA-A632-1EA5755E2982}"
EndProject
Global
	GlobalSection(SolutionConfigurationPlatforms) = preSolution
		Debug|Any CPU = Debug|Any CPU
		Release|Any CPU = Release|Any CPU
	EndGlobalSection
	GlobalSection(ProjectConfigurationPlatforms) = postSolution
		{234A0C43-B8B3-4FBA-A632-1EA5755E2982}.Debug|Any CPU.ActiveCfg = Debug|Any CPU
		{234A0C43-B8B3-4FBA-A632-1EA5755E2982}.Debug|Any CPU.Build.0 = Debug|Any CPU
		{234A0C43-B8B3-4FBA-A632-1EA5755E2982}.Release|Any CPU.ActiveCfg = Release|Any CPU
		{234A0C43-B8B3-4FBA-A632-1EA5755E2982}.Release|Any CPU.Build.0 = Release|Any CPU
	EndGlobalSection
	GlobalSection(SolutionProperties) = preSolution
		HideSolutionNode = FALSE
	EndGlobalSection
EndGlobal
